
Microsoft Visual Studio Solution File, Format Version 12.00
# Visual Studio Version 16
VisualStudioVersion = 16.0.30907.101
MinimumVisualStudioVersion = 10.0.40219.1
Project("{FAE04EC0-301F-11D3-BF4B-00C04F79EFBC}") = "Game", "Game\Game.csproj", "{201AC9D2-1E0A-4682-A012-C6C26CF560F7}"
EndProject
Global
	GlobalSection(SolutionConfigurationPlatforms) = preSolution
		Debug|Any CPU = Debug|Any CPU
		Release|Any CPU = Release|Any CPU
	EndGlobalSection
	GlobalSection(ProjectConfigurationPlatforms) = postSolution
		{201AC9D2-1E0A-4682-A012-C6C26CF560F7}.Debug|Any CPU.ActiveCfg = Debug|Any CPU
		{201AC9D2-1E0A-4682-A012-C6C26CF560F7}.Debug|Any CPU.Build.0 = Debug|Any CPU
		{201AC9D2-1E0A-4682-A012-C6C26CF560F7}.Release|Any CPU.ActiveCfg = Release|Any CPU
		{201AC9D2-1E0A-4682-A012-C6C26CF560F7}.Release|Any CPU.Build.0 = Release|Any CPU
	EndGlobalSection
	GlobalSection(SolutionProperties) = preSolution
		HideSolutionNode = FALSE
	EndGlobalSection
	GlobalSection(ExtensibilityGlobals) = postSolution
		SolutionGuid = {EAD60C2F-7F38-4B87-8BDC-E083EAB4453C}
	EndGlobalSection
EndGlobal
